github.com/alecthomas/kong v0.7.1 h1:azoTh0IOfwlAX3qN9sHWTxACE2oV8Bg2gAwBsMwDQY4=
github.com/alecthomas/kong v0.7.1/go.mod h1:n1iCIO2xS46oE8ZfYCNDqdR0b0wZNrXAIAqro/2132U=
github.com/barweiss/go-tuple v1.0.2 h1:RFUKJf8BaALDgX4WIS1fgmAeEFLQo9h+n/QrbIQrdSo=
github.com/barweiss/go-tuple v1.0.2/go.mod h1:oX3AtZyuGnCuK3B4PlUIfR9spxyJ42bgTSqCI9GkPB0=
github.com/blang/semver/v4 v4.0.0 h1:1PFHFE6yCCTv8C1TeyNNarDzntLi7wMI5i/pzqYIsAM=
github.com/blang/semver/v4 v4.0.0/go.mod h1:IbckMUScFkM3pff0VJDNKRiT6TG/YpiHIM2yvyW5YoQ=
github.com/chonla/roman-number-go v0.0.0-20181101035413-6768129de021 h1:F7ux9YUTBF8wykFrRhNJIuLyAkJhD6hs98M/lJM0ZW4=
github.com/chonla/roman-number-go v0.0.0-20181101035413-6768129de021/go.mod h1:mgLs523CF5p4A7oIy2Es5ZxuKnG3xhT3Ff0L7J/2J1c=
github.com/davecgh/go-spew v1.1.0/go.mod h1:J7Y8YcW2NihsgmVo/mv3lAwl/skON4iLHjSsI+c5H38=
github.com/emicklei/proto v1.9.0/go.mod h1:rn1FgRS/FANiZdD2djyH7TMA9jdRDcYQ9IEN9yvjX0A=
github.com/facette/natsort v0.0.0-20181210072756-2cd4dd1e2dcb h1:IT4JYU7k4ikYg1SCxNI1/Tieq/NFvh6dzLdgi7eu0tM=
github.com/facette/natsort v0.0.0-20181210072756-2cd4dd1e2dcb/go.mod h1:bH6Xx7IW64qjjJq8M2u4dxNaBiDfKK+z/3eGDpXEQhc=
github.com/fastly/go-utils v0.0.0-20180712184237-d95a45783239/go.mod h1:Gdwt2ce0yfBxPvZrHkprdPPTTS3N5rwmLE8T22KBXlw=
github.com/jehiah/go-strftime v0.0.0-20171201141054-1d33003b3869/go.mod h1:cJ6Cj7dQo+O6GJNiMx+Pa94qKj+TG8ONdKHgMNIyyag=
github.com/lestrrat/go-envload v0.0.0-20180220120943-6ed08b54a570/go.mod h1:BLt8L9ld7wVsvEWQbuLrUZnCMnUmLZ+CGDzKtclrTlE=
github.com/lestrrat/go-strftime v0.0.0-20180220042222-ba3bf9c1d042 h1:Bvq8AziQ5jFF4BHGAEDSqwPW1NJS3XshxbRCxtjFAZc=
github.com/lestrrat/go-strftime v0.0.0-20180220042222-ba3bf9c1d042/go.mod h1:TPpsiPUEh0zFL1Snz4crhMlBe60PYxRHr5oFF3rRYg0=
github.com/pkg/errors v0.8.1 h1:iURUrRGxPUNPdy5/HRSm+Yj6okJ6UtLINN0Q9M4+h3I=
github.com/pkg/errors v0.8.1/go.mod h1:bwawxfHBFNV+L2hUp1rHADufV3IMtnDRdf1r5NINEl0=
github.com/pmezard/go-difflib v1.0.0/go.mod h1:iKH77koFhYxTK1pcRnkKkqfTogsbg7gZNVY4sRDYZ/4=
github.com/sirkon/errors v0.5.0 h1:Tk/6TEQPAexdUDVLFY8u1Vf9/dyziTla67oWBnBboDU=
github.com/sirkon/errors v0.5.0/go.mod h1:QHzAIbAhNXYSz3uK9tvp99vPxroQWjNz4PbRg8Ef3Wc=
github.com/sirkon/fenneg v0.0.1 h1:TzvK0mbsxygUgFH1veQhoX1WiD3yjn4lIj6t9yieQvY=
github.com/sirkon/fenneg v0.0.1/go.mod h1:VhhgEQnW1TmrJ1CIqLglJUCypoUtMOswZPJLGFg1z6w=
github.com/sirkon/fenneg v0.0.2 h1:x9Mezhy6gJK87epH27fw8eDLlBszYMggrgBw2zaMyHA=
github.com/sirkon/fenneg v0.0.2/go.mod h1:sz8VtBnm/G0iim40LG1b2lrosXUvMp5XRGtQWIq9cTQ=
github.com/sirkon/fenneg v0.0.3 h1:2+mZD2hKoF7l9xY2bAfgXYSnqPMPG6DTPw69ijy8DgY=
github.com/sirkon/fenneg v0.0.3/go.mod h1:x6QhSJ3ROXE0tCmpHQPwoKNw+rVDPFN3yeEh0YQD2xY=
github.com/sirkon/fenneg v0.1.0 h1:yatNqeZlagaMZLhZEF8oRaoRk+ar8slgPqE0v6/WjOA=
github.com/sirkon/fenneg v0.1.0/go.mod h1:eyfRD28NjZ5NJwd45ghe0TUoFC9pfa+sb2Cvmb2BaCQ=
github.com/sirkon/fenneg v0.1.1 h1:VJFCkbZuPJIqDUoEjcXP1ZCUsefRInE7YXLhMrh96Bo=
github.com/sirkon/fenneg v0.1.1/go.mod h1:eyfRD28NjZ5NJwd45ghe0TUoFC9pfa+sb2Cvmb2BaCQ=
github.com/sirkon/go-format v0.1.2 h1:rv/Gp5qXmNrSaqm6ygxXEdDOuMpGYbcW+QScHpGgWxk=
github.com/sirkon/go-format v0.1.2/go.mod h1:qaECyMww07bEcWjztGZ2vj1LT7mmp0KJRMZRYci9JUw=
github.com/sirkon/go-format/v2 v2.0.1 h1:sVWYolXTIv7tAVjzH6OOeFolzPPyTSfw0ipbSdk0how=
github.com/sirkon/go-format/v2 v2.0.1/go.mod h1:YvuK2qmh0vTuALNIEr+VvBirUija3PUayjzref5LEh0=
github.com/sirkon/go-format/v2 v2.0.2 h1:56wiEBVsuAn44obNIxF9wvvCfQgdJc3baf4ogl1MVRs=
github.com/sirkon/go-format/v2 v2.0.2/go.mod h1:YvuK2qmh0vTuALNIEr+VvBirUija3PUayjzref5LEh0=
github.com/sirkon/gogh v0.16.0 h1:w0wOF1m29oP8n1JAdi1y1ibxvsZyRTez+E9h0kNPlXw=
github.com/sirkon/gogh v0.16.0/go.mod h1:f5eNuOJQNQHHE/A++CA6STRCSGeEcR7Z7Z3nlmaMavA=
github.com/sirkon/gogh v0.18.2 h1:rFHelDJ1FY2S3QKa0xgtzGfLuacYN78lOMZUDEU4oGQ=
github.com/sirkon/gogh v0.18.2/go.mod h1:kyP6Qp24yVWZ3QGqUbOH+rd7x1IO8lrvMJdLXk285n8=
github.com/sirkon/gogh v0.19.0 h1:S4keErLgF4ZD3e3pMmGPHKxu5jPuUIwaq9Zp3gOsIwE=
github.com/sirkon/gogh v0.19.0/go.mod h1:kyP6Qp24yVWZ3QGqUbOH+rd7x1IO8lrvMJdLXk285n8=
github.com/sirkon/gogh v0.20.0 h1:azYCU+0DUkTwpSHhgoe5e5B9lsgGUWov/RIFvRhWHqg=
github.com/sirkon/gogh v0.20.0/go.mod h1:kyP6Qp24yVWZ3QGqUbOH+rd7x1IO8lrvMJdLXk285n8=
github.com/sirkon/gogh v0.20.1 h1:Q5BrRcGCI8yjogcL4GUcecaE8bxbrzcMkvglgtLs3o8=
github.com/sirkon/gogh v0.20.1/go.mod h1:kyP6Qp24yVWZ3QGqUbOH+rd7x1IO8lrvMJdLXk285n8=
github.com/sirkon/jsonexec v0.0.4 h1:l5nV8XirLVs558wrlEx+aqZs6IaMuhhuV/y4sjg6YOc=
github.com/sirkon/jsonexec v0.0.4/go.mod h1:lwYpOVO4UoyZ7FYe/3MWVyroGzbplLMS1Dhd3VPfATQ=
github.com/sirkon/jsonexec v0.0.5 h1:CTuwP2XPuh+sZqr0FvV+F6e18bObYZ1UVoLOabMJpTM=
github.com/sirkon/jsonexec v0.0.5/go.mod h1:lwYpOVO4UoyZ7FYe/3MWVyroGzbplLMS1Dhd3VPfATQ=
github.com/sirkon/message v1.6.0 h1:LyyMKPd9gA6AsuQSfbxmudHNcjIPR9d02wu+MLpnlgs=
github.com/sirkon/message v1.6.0/go.mod h1:66L/RZsLkQeAw8iJjJAhHg/Wr7g2I6Ewlp3laCsb0RA=
github.com/sirkon/message v1.6.1 h1:lRzTJMU1f21N/1sFNjWKgGrrUhfdu9SSJhkVZKhsfXI=
github.com/sirkon/message v1.6.1/go.mod h1:wD8vQS0Ow4SJ0jLjHVWpAb6gWjb38ziITT4Ype8YYZ0=
github.com/sirkon/olrgen v0.1.2 h1:Z1zUqbmhrP9ZeugAuKrRss+SDUD288cGmI+sCAk7Sxo=
github.com/sirkon/olrgen v0.1.2/go.mod h1:xTE9rgooIGDHdcbXz6DydbgFmcA63cH85ClHyo0FkMQ=
github.com/sirkon/olrgen v0.2.0 h1:X+SP6ExqYarNa23dT755PA9OxhsYb614ZcvlS0pOn/s=
github.com/sirkon/olrgen v0.2.0/go.mod h1:xTE9rgooIGDHdcbXz6DydbgFmcA63cH85ClHyo0FkMQ=
github.com/sirkon/olrgen v0.2.1 h1:65PTFYxaTT9KX9o9UR1z7bE62jjz0oszkk5X079Z16w=
github.com/sirkon/olrgen v0.2.1/go.mod h1:yoOv0FXhGIfiuxF967FzmRIEUDsuCEWKDN1gHIxS3iA=
github.com/sirkon/olrgen v0.3.0 h1:izUsNDJyQy2jF5brovLiqXlN4dQ6t2zQ8bV67WbAc+4=
github.com/sirkon/olrgen v0.3.0/go.mod h1:yoOv0FXhGIfiuxF967FzmRIEUDsuCEWKDN1gHIxS3iA=
github.com/sirkon/olrgen v0.4.0 h1:xu8aAh7QAVGH2XW5P+s8cGcASgnOa/Sd5Z7BaD2/BmQ=
github.com/sirkon/olrgen v0.4.0/go.mod h1:ATxcfsqp1iPRpn1qnHNaveE6skI6vbSiUNyD05/uqyw=
github.com/sirkon/protoast v0.29.0 h1:yrJkCjICJBcWxWDveS72GPW0AYigvuscBDksHFfG26g=
github.com/sirkon/protoast v0.29.0/go.mod h1:NEFiXLFXGCHH/1th0gr9mcTMTzoJdEqkwkfLdrX7Daw=
github.com/sirkon/varsize v0.0.1 h1:TPdS1JxQBQ54O4CFVvOljQd9EmWtgF6i9ezeA54Ps3c=
github.com/sirkon/varsize v0.0.1/go.mod h1:LF4WSNNY/icgwqXOR05EHM00Xf4iIvGWe7apnEHWl+Q=
github.com/spaolacci/murmur3 v1.1.0 h1:7c1g84S4BPRrfL5Xrdp6fOJ206sU9y293DDHaoy0bLI=
github.com/spaolacci/murmur3 v1.1.0/go.mod h1:JwIasOWyU6f++ZhiEuf87xNszmSA2myDM2Kzu9HwQUA=
github.com/stretchr/objx v0.1.0/go.mod h1:HFkY916IF+rwdDfMAkV7OtwuqBVzrE8GR6GFx+wExME=
github.com/stretchr/testify v1.3.0/go.mod h1:M5WIy9Dh21IEIfnGCwXGc5bZfKNJtfHm1UVUgZn+9EI=
github.com/tebeka/strftime v0.0.0-20140926081919-3f9c7761e312/go.mod h1:o6CrSUtupq/A5hylbvAsdydn0d5yokJExs8VVdx4wwI=
golang.org/x/exp v0.0.0-20230510235704-dd950f8aeaea h1:vLCWI/yYrdEHyN2JzIzPO3aaQJHQdp89IZBA/+azVC4=
golang.org/x/exp v0.0.0-20230510235704-dd950f8aeaea/go.mod h1:V1LtkGg67GoY2N1AnLN78QLrzxkLyJw7RJb1gzOOz9w=
golang.org/x/mod v0.10.0 h1:lFO9qtOdlre5W1jxS3r/4szv2/6iXxScdzjoBMXNhYk=
golang.org/x/mod v0.10.0/go.mod h1:iBbtSCu2XBx23ZKBPSOrRkjjQPZFPuis4dIYUhu/chs=
golang.org/x/net v0.0.0-20190119204137-ed066c81e75e/go.mod h1:mL1N/T3taQHkDXs73rZJwtUhF3w3ftmwwsq0BUmARs4=
golang.org/x/sys v0.8.0 h1:EBmGv8NaZBZTWvrbjNoL6HVt+IVy3QDQpJs7VRIw3tU=
golang.org/x/sys v0.8.0/go.mod h1:oPkhp1MJrh7nUepCBck5+mAzfO9JrbApNNgaTdGDITg=
golang.org/x/tools v0.9.1 h1:8WMNJAz3zrtPmnYC7ISf5dEn3MT0gY7jBJfw27yrrLo=
golang.org/x/tools v0.9.1/go.mod h1:owI94Op576fPu3cIGQeHs3joujW/2Oc6MtlxbF5dfNc=
